
Microsoft Visual Studio Solution File, Format Version 12.00
# Visual Studio Version 17
VisualStudioVersion = 17.2.32630.192
MinimumVisualStudioVersion = 10.0.40219.1
Project("{FAE04EC0-301F-11D3-BF4B-00C04F79EFBC}") = "SnakeGameProMax", "SnakeGameProMax\SnakeGameProMax.csproj", "{9C8B752B-52F2-4905-9A8E-DDED4C2BDC47}"
EndProject
Global
	GlobalSection(SolutionConfigurationPlatforms) = preSolution
		Debug|Any CPU = Debug|Any CPU
		Release|Any CPU = Release|Any CPU
	EndGlobalSection
	GlobalSection(ProjectConfigurationPlatforms) = postSolution
		{9C8B752B-52F2-4905-9A8E-DDED4C2BDC47}.Debug|Any CPU.ActiveCfg = Debug|Any CPU
		{9C8B752B-52F2-4905-9A8E-DDED4C2BDC47}.Debug|Any CPU.Build.0 = Debug|Any CPU
		{9C8B752B-52F2-4905-9A8E-DDED4C2BDC47}.Release|Any CPU.ActiveCfg = Release|Any CPU
		{9C8B752B-52F2-4905-9A8E-DDED4C2BDC47}.Release|Any CPU.Build.0 = Release|Any CPU
	EndGlobalSection
	GlobalSection(SolutionProperties) = preSolution
		HideSolutionNode = FALSE
	EndGlobalSection
	GlobalSection(ExtensibilityGlobals) = postSolution
		SolutionGuid = {6303E5BB-6711-48B9-AFF6-D82A91E314B0}
	EndGlobalSection
EndGlobal
